
Microsoft Visual Studio Solution File, Format Version 12.00
# Visual Studio 14
VisualStudioVersion = 14.0.25420.1
MinimumVisualStudioVersion = 10.0.40219.1
Project("{8BC9CEB8-8B4A-11D0-8D11-00A0C91BC942}") = "10.2", "HW10\HW10.vcxproj", "{6C15DA74-368B-43BB-9B70-25C86B9B3DF2}"
EndProject
Project("{8BC9CEB8-8B4A-11D0-8D11-00A0C91BC942}") = "10.3", "10.2\10.2.vcxproj", "{9F7813CB-1B42-412B-A468-0ECC0AC77DBD}"
EndProject
Project("{8BC9CEB8-8B4A-11D0-8D11-00A0C91BC942}") = "10.4", "10.4\10.4.vcxproj", "{67E43EC9-8E25-4C2F-85CE-67297EFD051C}"
EndProject
Project("{8BC9CEB8-8B4A-11D0-8D11-00A0C91BC942}") = "10.5", "10.5\10.5.vcxproj", "{86A3C997-443C-46B2-813A-978958874E1A}"
EndProject
Project("{8BC9CEB8-8B4A-11D0-8D11-00A0C91BC942}") = "10.6", "10.6\10.6.vcxproj", "{3A89E28E-8D79-4889-B672-5AEB2C22A8B4}"
EndProject
Project("{2150E333-8FDC-42A3-9474-1A3956D46DE8}") = "10 - Objects and Classes", "10 - Objects and Classes", "{627B3BC8-BF80-4DCC-A7A5-A0A52C946E19}"
EndProject
Project("{2150E333-8FDC-42A3-9474-1A3956D46DE8}") = "11 - Classes Workflow", "11 - Classes Workflow", "{6C4AC9DC-5402-4E61-9B87-7B1FD4865AE6}"
EndProject
Project("{8BC9CEB8-8B4A-11D0-8D11-00A0C91BC942}") = "11.1", "11.1\11.1.vcxproj", "{8BD5DD95-4544-4F71-A784-96E902E687AE}"
EndProject
Project("{8BC9CEB8-8B4A-11D0-8D11-00A0C91BC942}") = "11.2", "11.2\11.2.vcxproj", "{481448CE-9770-4A4B-A604-9F08B974F5F8}"
EndProject
Project("{8BC9CEB8-8B4A-11D0-8D11-00A0C91BC942}") = "11.7", "11.7\11.7.vcxproj", "{9581239B-4F5F-4FF0-919A-2E1984618516}"
EndProject
Global
	GlobalSection(SolutionConfigurationPlatforms) = preSolution
		Debug|x64 = Debug|x64
		Debug|x86 = Debug|x86
		Release|x64 = Release|x64
		Release|x86 = Release|x86
	EndGlobalSection
	GlobalSection(ProjectConfigurationPlatforms) = postSolution
		{6C15DA74-368B-43BB-9B70-25C86B9B3DF2}.Debug|x64.ActiveCfg = Debug|x64
		{6C15DA74-368B-43BB-9B70-25C86B9B3DF2}.Debug|x64.Build.0 = Debug|x64
		{6C15DA74-368B-43BB-9B70-25C86B9B3DF2}.Debug|x86.ActiveCfg = Debug|Win32
		{6C15DA74-368B-43BB-9B70-25C86B9B3DF2}.Debug|x86.Build.0 = Debug|Win32
		{6C15DA74-368B-43BB-9B70-25C86B9B3DF2}.Release|x64.ActiveCfg = Release|x64
		{6C15DA74-368B-43BB-9B70-25C86B9B3DF2}.Release|x64.Build.0 = Release|x64
		{6C15DA74-368B-43BB-9B70-25C86B9B3DF2}.Release|x86.ActiveCfg = Release|Win32
		{6C15DA74-368B-43BB-9B70-25C86B9B3DF2}.Release|x86.Build.0 = Release|Win32
		{9F7813CB-1B42-412B-A468-0ECC0AC77DBD}.Debug|x64.ActiveCfg = Debug|x64
		{9F7813CB-1B42-412B-A468-0ECC0AC77DBD}.Debug|x64.Build.0 = Debug|x64
		{9F7813CB-1B42-412B-A468-0ECC0AC77DBD}.Debug|x86.ActiveCfg = Debug|Win32
		{9F7813CB-1B42-412B-A468-0ECC0AC77DBD}.Debug|x86.Build.0 = Debug|Win32
		{9F7813CB-1B42-412B-A468-0ECC0AC77DBD}.Release|x64.ActiveCfg = Release|x64
		{9F7813CB-1B42-412B-A468-0ECC0AC77DBD}.Release|x64.Build.0 = Release|x64
		{9F7813CB-1B42-412B-A468-0ECC0AC77DBD}.Release|x86.ActiveCfg = Release|Win32
		{9F7813CB-1B42-412B-A468-0ECC0AC77DBD}.Release|x86.Build.0 = Release|Win32
		{67E43EC9-8E25-4C2F-85CE-67297EFD051C}.Debug|x64.ActiveCfg = Debug|x64
		{67E43EC9-8E25-4C2F-85CE-67297EFD051C}.Debug|x64.Build.0 = Debug|x64
		{67E43EC9-8E25-4C2F-85CE-67297EFD051C}.Debug|x86.ActiveCfg = Debug|Win32
		{67E43EC9-8E25-4C2F-85CE-67297EFD051C}.Debug|x86.Build.0 = Debug|Win32
		{67E43EC9-8E25-4C2F-85CE-67297EFD051C}.Release|x64.ActiveCfg = Release|x64
		{67E43EC9-8E25-4C2F-85CE-67297EFD051C}.Release|x64.Build.0 = Release|x64
		{67E43EC9-8E25-4C2F-85CE-67297EFD051C}.Release|x86.ActiveCfg = Release|Win32
		{67E43EC9-8E25-4C2F-85CE-67297EFD051C}.Release|x86.Build.0 = Release|Win32
		{86A3C997-443C-46B2-813A-978958874E1A}.Debug|x64.ActiveCfg = Debug|x64
		{86A3C997-443C-46B2-813A-978958874E1A}.Debug|x64.Build.0 = Debug|x64
		{86A3C997-443C-46B2-813A-978958874E1A}.Debug|x86.ActiveCfg = Debug|Win32
		{86A3C997-443C-46B2-813A-978958874E1A}.Debug|x86.Build.0 = Debug|Win32
		{86A3C997-443C-46B2-813A-978958874E1A}.Release|x64.ActiveCfg = Release|x64
		{86A3C997-443C-46B2-813A-978958874E1A}.Release|x64.Build.0 = Release|x64
		{86A3C997-443C-46B2-813A-978958874E1A}.Release|x86.ActiveCfg = Release|Win32
		{86A3C997-443C-46B2-813A-978958874E1A}.Release|x86.Build.0 = Release|Win32
		{3A89E28E-8D79-4889-B672-5AEB2C22A8B4}.Debug|x64.ActiveCfg = Debug|x64
		{3A89E28E-8D79-4889-B672-5AEB2C22A8B4}.Debug|x64.Build.0 = Debug|x64
		{3A89E28E-8D79-4889-B672-5AEB2C22A8B4}.Debug|x86.ActiveCfg = Debug|Win32
		{3A89E28E-8D79-4889-B672-5AEB2C22A8B4}.Debug|x86.Build.0 = Debug|Win32
		{3A89E28E-8D79-4889-B672-5AEB2C22A8B4}.Release|x64.ActiveCfg = Release|x64
		{3A89E28E-8D79-4889-B672-5AEB2C22A8B4}.Release|x64.Build.0 = Release|x64
		{3A89E28E-8D79-4889-B672-5AEB2C22A8B4}.Release|x86.ActiveCfg = Release|Win32
		{3A89E28E-8D79-4889-B672-5AEB2C22A8B4}.Release|x86.Build.0 = Release|Win32
		{8BD5DD95-4544-4F71-A784-96E902E687AE}.Debug|x64.ActiveCfg = Debug|x64
		{8BD5DD95-4544-4F71-A784-96E902E687AE}.Debug|x64.Build.0 = Debug|x64
		{8BD5DD95-4544-4F71-A784-96E902E687AE}.Debug|x86.ActiveCfg = Debug|Win32
		{8BD5DD95-4544-4F71-A784-96E902E687AE}.Debug|x86.Build.0 = Debug|Win32
		{8BD5DD95-4544-4F71-A784-96E902E687AE}.Release|x64.ActiveCfg = Release|x64
		{8BD5DD95-4544-4F71-A784-96E902E687AE}.Release|x64.Build.0 = Release|x64
		{8BD5DD95-4544-4F71-A784-96E902E687AE}.Release|x86.ActiveCfg = Release|Win32
		{8BD5DD95-4544-4F71-A784-96E902E687AE}.Release|x86.Build.0 = Release|Win32
		{481448CE-9770-4A4B-A604-9F08B974F5F8}.Debug|x64.ActiveCfg = Debug|x64
		{481448CE-9770-4A4B-A604-9F08B974F5F8}.Debug|x64.Build.0 = Debug|x64
		{481448CE-9770-4A4B-A604-9F08B974F5F8}.Debug|x86.ActiveCfg = Debug|Win32
		{481448CE-9770-4A4B-A604-9F08B974F5F8}.Debug|x86.Build.0 = Debug|Win32
		{481448CE-9770-4A4B-A604-9F08B974F5F8}.Release|x64.ActiveCfg = Release|x64
		{481448CE-9770-4A4B-A604-9F08B974F5F8}.Release|x64.Build.0 = Release|x64
		{481448CE-9770-4A4B-A604-9F08B974F5F8}.Release|x86.ActiveCfg = Release|Win32
		{481448CE-9770-4A4B-A604-9F08B974F5F8}.Release|x86.Build.0 = Release|Win32
		{9581239B-4F5F-4FF0-919A-2E1984618516}.Debug|x64.ActiveCfg = Debug|x64
		{9581239B-4F5F-4FF0-919A-2E1984618516}.Debug|x64.Build.0 = Debug|x64
		{9581239B-4F5F-4FF0-919A-2E1984618516}.Debug|x86.ActiveCfg = Debug|Win32
		{9581239B-4F5F-4FF0-919A-2E1984618516}.Debug|x86.Build.0 = Debug|Win32
		{9581239B-4F5F-4FF0-919A-2E1984618516}.Release|x64.ActiveCfg = Release|x64
		{9581239B-4F5F-4FF0-919A-2E1984618516}.Release|x64.Build.0 = Release|x64
		{9581239B-4F5F-4FF0-919A-2E1984618516}.Release|x86.ActiveCfg = Release|Win32
		{9581239B-4F5F-4FF0-919A-2E1984618516}.Release|x86.Build.0 = Release|Win32
	EndGlobalSection
	GlobalSection(SolutionProperties) = preSolution
		HideSolutionNode = FALSE
	EndGlobalSection
	GlobalSection(NestedProjects) = preSolution
		{6C15DA74-368B-43BB-9B70-25C86B9B3DF2} = {627B3BC8-BF80-4DCC-A7A5-A0A52C946E19}
		{9F7813CB-1B42-412B-A468-0ECC0AC77DBD} = {627B3BC8-BF80-4DCC-A7A5-A0A52C946E19}
		{67E43EC9-8E25-4C2F-85CE-67297EFD051C} = {627B3BC8-BF80-4DCC-A7A5-A0A52C946E19}
		{86A3C997-443C-46B2-813A-978958874E1A} = {627B3BC8-BF80-4DCC-A7A5-A0A52C946E19}
		{3A89E28E-8D79-4889-B672-5AEB2C22A8B4} = {627B3BC8-BF80-4DCC-A7A5-A0A52C946E19}
		{8BD5DD95-4544-4F71-A784-96E902E687AE} = {6C4AC9DC-5402-4E61-9B87-7B1FD4865AE6}
		{481448CE-9770-4A4B-A604-9F08B974F5F8} = {6C4AC9DC-5402-4E61-9B87-7B1FD4865AE6}
		{9581239B-4F5F-4FF0-919A-2E1984618516} = {6C4AC9DC-5402-4E61-9B87-7B1FD4865AE6}
	EndGlobalSection
EndGlobal
